// !$*UTF8*$!
{
	archiveVersion = 1;
	classes = {
	};
	objectVersion = 56;
	objects = {

/* Begin PBXBuildFile section */
		3F35D4262A8E0360001DF40F /* Tmdb.swift in Sources */ = {isa = PBXBuildFile; fileRef = 3F35D4252A8E0360001DF40F /* Tmdb.swift */; };
		3F568DE62A87821E002A7A2E /* AppDelegate.swift in Sources */ = {isa = PBXBuildFile; fileRef = 3F568DE52A87821E002A7A2E /* AppDelegate.swift */; };
		3F568DE82A87821E002A7A2E /* SceneDelegate.swift in Sources */ = {isa = PBXBuildFile; fileRef = 3F568DE72A87821E002A7A2E /* SceneDelegate.swift */; };
		3F568DEF2A878220002A7A2E /* Assets.xcassets in Resources */ = {isa = PBXBuildFile; fileRef = 3F568DEE2A878220002A7A2E /* Assets.xcassets */; };
		3F568DF22A878220002A7A2E /* LaunchScreen.storyboard in Resources */ = {isa = PBXBuildFile; fileRef = 3F568DF02A878220002A7A2E /* LaunchScreen.storyboard */; };
		3F568DFE2A878305002A7A2E /* ExtensionView.swift in Sources */ = {isa = PBXBuildFile; fileRef = 3F568DFD2A878305002A7A2E /* ExtensionView.swift */; };
		3F568E012A878470002A7A2E /* MediaListTableViewCell.swift in Sources */ = {isa = PBXBuildFile; fileRef = 3F568DFF2A878470002A7A2E /* MediaListTableViewCell.swift */; };
		3F568E022A878470002A7A2E /* MediaListTableViewCell.xib in Resources */ = {isa = PBXBuildFile; fileRef = 3F568E002A878470002A7A2E /* MediaListTableViewCell.xib */; };
		3F568E052A878C76002A7A2E /* Alamofire in Frameworks */ = {isa = PBXBuildFile; productRef = 3F568E042A878C76002A7A2E /* Alamofire */; };
		3F568E0B2A878C8B002A7A2E /* Kingfisher in Frameworks */ = {isa = PBXBuildFile; productRef = 3F568E0A2A878C8B002A7A2E /* Kingfisher */; };
		3F568E0D2A878FBC002A7A2E /* .gitignore in Resources */ = {isa = PBXBuildFile; fileRef = 3F568E0C2A878FBC002A7A2E /* .gitignore */; };
		3F568E0F2A878FD6002A7A2E /* APIKey.swift in Sources */ = {isa = PBXBuildFile; fileRef = 3F568E0E2A878FD6002A7A2E /* APIKey.swift */; };
		3F568E112A87920C002A7A2E /* MediaInfo.swift in Sources */ = {isa = PBXBuildFile; fileRef = 3F568E102A87920C002A7A2E /* MediaInfo.swift */; };
		3F568E132A87AA3B002A7A2E /* MediaListViewController.swift in Sources */ = {isa = PBXBuildFile; fileRef = 3F568E122A87AA3B002A7A2E /* MediaListViewController.swift */; };
		3F568E152A87B82D002A7A2E /* MediaDetailViewController.swift in Sources */ = {isa = PBXBuildFile; fileRef = 3F568E142A87B82D002A7A2E /* MediaDetailViewController.swift */; };
		3F568E1A2A87CFD4002A7A2E /* MediaDetailTableViewCell.swift in Sources */ = {isa = PBXBuildFile; fileRef = 3F568E182A87CFD4002A7A2E /* MediaDetailTableViewCell.swift */; };
		3F568E1B2A87CFD4002A7A2E /* MediaDetailTableViewCell.xib in Resources */ = {isa = PBXBuildFile; fileRef = 3F568E192A87CFD4002A7A2E /* MediaDetailTableViewCell.xib */; };
		3FE81EBE2A9A63D10077E18A /* IntroViewController.swift in Sources */ = {isa = PBXBuildFile; fileRef = 3FE81EBD2A9A63D10077E18A /* IntroViewController.swift */; };
		3FE81EC12A9A63F80077E18A /* SnapKit in Frameworks */ = {isa = PBXBuildFile; productRef = 3FE81EC02A9A63F80077E18A /* SnapKit */; };
		3FE81EC32A9A65DA0077E18A /* OnboardingPageViewController.swift in Sources */ = {isa = PBXBuildFile; fileRef = 3FE81EC22A9A65DA0077E18A /* OnboardingPageViewController.swift */; };
		3FE81EFA2A9D25750077E18A /* MediaDetailView.swift in Sources */ = {isa = PBXBuildFile; fileRef = 3FE81EF92A9D25750077E18A /* MediaDetailView.swift */; };
		3FE81EFE2A9D28630077E18A /* MediaListView.swift in Sources */ = {isa = PBXBuildFile; fileRef = 3FE81EFD2A9D28630077E18A /* MediaListView.swift */; };
/* End PBXBuildFile section */

/* Begin PBXFileReference section */
		3F35D4252A8E0360001DF40F /* Tmdb.swift */ = {isa = PBXFileReference; lastKnownFileType = sourcecode.swift; path = Tmdb.swift; sourceTree = "<group>"; };
		3F568DE22A87821E002A7A2E /* MediaProject.app */ = {isa = PBXFileReference; explicitFileType = wrapper.application; includeInIndex = 0; path = MediaProject.app; sourceTree = BUILT_PRODUCTS_DIR; };
		3F568DE52A87821E002A7A2E /* AppDelegate.swift */ = {isa = PBXFileReference; lastKnownFileType = sourcecode.swift; path = AppDelegate.swift; sourceTree = "<group>"; };
		3F568DE72A87821E002A7A2E /* SceneDelegate.swift */ = {isa = PBXFileReference; lastKnownFileType = sourcecode.swift; path = SceneDelegate.swift; sourceTree = "<group>"; };
		3F568DEE2A878220002A7A2E /* Assets.xcassets */ = {isa = PBXFileReference; lastKnownFileType = folder.assetcatalog; path = Assets.xcassets; sourceTree = "<group>"; };
		3F568DF12A878220002A7A2E /* Base */ = {isa = PBXFileReference; lastKnownFileType = file.storyboard; name = Base; path = Base.lproj/LaunchScreen.storyboard; sourceTree = "<group>"; };
		3F568DF32A878220002A7A2E /* Info.plist */ = {isa = PBXFileReference; lastKnownFileType = text.plist.xml; path = Info.plist; sourceTree = "<group>"; };
		3F568DFD2A878305002A7A2E /* ExtensionView.swift */ = {isa = PBXFileReference; lastKnownFileType = sourcecode.swift; path = ExtensionView.swift; sourceTree = SOURCE_ROOT; };
		3F568DFF2A878470002A7A2E /* MediaListTableViewCell.swift */ = {isa = PBXFileReference; lastKnownFileType = sourcecode.swift; name = MediaListTableViewCell.swift; path = MediaProject/MediaListTableViewCell/MediaListTableViewCell.swift; sourceTree = SOURCE_ROOT; };
		3F568E002A878470002A7A2E /* MediaListTableViewCell.xib */ = {isa = PBXFileReference; lastKnownFileType = file.xib; name = MediaListTableViewCell.xib; path = MediaProject/MediaListTableViewCell/MediaListTableViewCell.xib; sourceTree = SOURCE_ROOT; };
		3F568E0C2A878FBC002A7A2E /* .gitignore */ = {isa = PBXFileReference; lastKnownFileType = text; name = .gitignore; path = MediaProject/API/.gitignore; sourceTree = SOURCE_ROOT; };
		3F568E0E2A878FD6002A7A2E /* APIKey.swift */ = {isa = PBXFileReference; lastKnownFileType = sourcecode.swift; name = APIKey.swift; path = MediaProject/API/APIKey.swift; sourceTree = SOURCE_ROOT; };
		3F568E102A87920C002A7A2E /* MediaInfo.swift */ = {isa = PBXFileReference; lastKnownFileType = sourcecode.swift; path = MediaInfo.swift; sourceTree = "<group>"; };
		3F568E122A87AA3B002A7A2E /* MediaListViewController.swift */ = {isa = PBXFileReference; lastKnownFileType = sourcecode.swift; name = MediaListViewController.swift; path = MediaProject/MediaListView/MediaListViewController.swift; sourceTree = SOURCE_ROOT; };
		3F568E142A87B82D002A7A2E /* MediaDetailViewController.swift */ = {isa = PBXFileReference; lastKnownFileType = sourcecode.swift; name = MediaDetailViewController.swift; path = MediaProject/MediaDetailView/MediaDetailViewController.swift; sourceTree = SOURCE_ROOT; };
		3F568E182A87CFD4002A7A2E /* MediaDetailTableViewCell.swift */ = {isa = PBXFileReference; lastKnownFileType = sourcecode.swift; name = MediaDetailTableViewCell.swift; path = MediaProject/MediaDetailTableViewCell/MediaDetailTableViewCell.swift; sourceTree = SOURCE_ROOT; };
		3F568E192A87CFD4002A7A2E /* MediaDetailTableViewCell.xib */ = {isa = PBXFileReference; lastKnownFileType = file.xib; name = MediaDetailTableViewCell.xib; path = MediaProject/MediaDetailTableViewCell/MediaDetailTableViewCell.xib; sourceTree = SOURCE_ROOT; };
		3FE81EBD2A9A63D10077E18A /* IntroViewController.swift */ = {isa = PBXFileReference; lastKnownFileType = sourcecode.swift; path = IntroViewController.swift; sourceTree = "<group>"; };
		3FE81EC22A9A65DA0077E18A /* OnboardingPageViewController.swift */ = {isa = PBXFileReference; lastKnownFileType = sourcecode.swift; path = OnboardingPageViewController.swift; sourceTree = "<group>"; };
		3FE81EF92A9D25750077E18A /* MediaDetailView.swift */ = {isa = PBXFileReference; lastKnownFileType = sourcecode.swift; path = MediaDetailView.swift; sourceTree = "<group>"; };
		3FE81EFD2A9D28630077E18A /* MediaListView.swift */ = {isa = PBXFileReference; lastKnownFileType = sourcecode.swift; path = MediaListView.swift; sourceTree = "<group>"; };
/* End PBXFileReference section */

/* Begin PBXFrameworksBuildPhase section */
		3F568DDF2A87821E002A7A2E /* Frameworks */ = {
			isa = PBXFrameworksBuildPhase;
			buildActionMask = 2147483647;
			files = (
				3FE81EC12A9A63F80077E18A /* SnapKit in Frameworks */,
				3F568E0B2A878C8B002A7A2E /* Kingfisher in Frameworks */,
				3F568E052A878C76002A7A2E /* Alamofire in Frameworks */,
			);
			runOnlyForDeploymentPostprocessing = 0;
		};
/* End PBXFrameworksBuildPhase section */

/* Begin PBXGroup section */
		3F568DD92A87821E002A7A2E = {
			isa = PBXGroup;
			children = (
				3F568DE42A87821E002A7A2E /* MediaProject */,
				3F568DE32A87821E002A7A2E /* Products */,
			);
			sourceTree = "<group>";
		};
		3F568DE32A87821E002A7A2E /* Products */ = {
			isa = PBXGroup;
			children = (
				3F568DE22A87821E002A7A2E /* MediaProject.app */,
			);
			name = Products;
			sourceTree = "<group>";
		};
		3F568DE42A87821E002A7A2E /* MediaProject */ = {
			isa = PBXGroup;
			children = (
				3F568E1F2A87DFCF002A7A2E /* MediaListTableViewCell */,
				3F568E1C2A87DF5A002A7A2E /* MediaDetailTableViewCell */,
				3FE81EC42A9A6D000077E18A /* Intro */,
				3FE81EFB2A9D25960077E18A /* MediaDetailView */,
				3FE81EFC2A9D28320077E18A /* MediaListView */,
				3F568E102A87920C002A7A2E /* MediaInfo.swift */,
				3F35D4252A8E0360001DF40F /* Tmdb.swift */,
				3F568DFD2A878305002A7A2E /* ExtensionView.swift */,
				3F568E1E2A87DFA2002A7A2E /* API */,
				3F568E1D2A87DF8F002A7A2E /* Delegate */,
				3F568DF02A878220002A7A2E /* LaunchScreen.storyboard */,
				3F568DEE2A878220002A7A2E /* Assets.xcassets */,
				3F568DF32A878220002A7A2E /* Info.plist */,
			);
			path = MediaProject;
			sourceTree = "<group>";
		};
		3F568E1C2A87DF5A002A7A2E /* MediaDetailTableViewCell */ = {
			isa = PBXGroup;
			children = (
				3F568E182A87CFD4002A7A2E /* MediaDetailTableViewCell.swift */,
				3F568E192A87CFD4002A7A2E /* MediaDetailTableViewCell.xib */,
			);
			path = MediaDetailTableViewCell;
			sourceTree = "<group>";
		};
		3F568E1D2A87DF8F002A7A2E /* Delegate */ = {
			isa = PBXGroup;
			children = (
				3F568DE52A87821E002A7A2E /* AppDelegate.swift */,
				3F568DE72A87821E002A7A2E /* SceneDelegate.swift */,
			);
			path = Delegate;
			sourceTree = "<group>";
		};
		3F568E1E2A87DFA2002A7A2E /* API */ = {
			isa = PBXGroup;
			children = (
				3F568E0E2A878FD6002A7A2E /* APIKey.swift */,
				3F568E0C2A878FBC002A7A2E /* .gitignore */,
			);
			path = API;
			sourceTree = "<group>";
		};
		3F568E1F2A87DFCF002A7A2E /* MediaListTableViewCell */ = {
			isa = PBXGroup;
			children = (
				3F568DFF2A878470002A7A2E /* MediaListTableViewCell.swift */,
				3F568E002A878470002A7A2E /* MediaListTableViewCell.xib */,
			);
			path = MediaListTableViewCell;
			sourceTree = "<group>";
		};
		3FE81EC42A9A6D000077E18A /* Intro */ = {
			isa = PBXGroup;
			children = (
				3FE81EBD2A9A63D10077E18A /* IntroViewController.swift */,
				3FE81EC22A9A65DA0077E18A /* OnboardingPageViewController.swift */,
			);
			name = Intro;
			sourceTree = "<group>";
		};
		3FE81EFB2A9D25960077E18A /* MediaDetailView */ = {
			isa = PBXGroup;
			children = (
				3FE81EF92A9D25750077E18A /* MediaDetailView.swift */,
				3F568E142A87B82D002A7A2E /* MediaDetailViewController.swift */,
			);
			path = MediaDetailView;
			sourceTree = "<group>";
		};
		3FE81EFC2A9D28320077E18A /* MediaListView */ = {
			isa = PBXGroup;
			children = (
				3F568E122A87AA3B002A7A2E /* MediaListViewController.swift */,
				3FE81EFD2A9D28630077E18A /* MediaListView.swift */,
			);
			path = MediaListView;
			sourceTree = "<group>";
		};
/* End PBXGroup section */

/* Begin PBXNativeTarget section */
		3F568DE12A87821E002A7A2E /* MediaProject */ = {
			isa = PBXNativeTarget;
			buildConfigurationList = 3F568DF62A878220002A7A2E /* Build configuration list for PBXNativeTarget "MediaProject" */;
			buildPhases = (
				3F568DDE2A87821E002A7A2E /* Sources */,
				3F568DDF2A87821E002A7A2E /* Frameworks */,
				3F568DE02A87821E002A7A2E /* Resources */,
			);
			buildRules = (
			);
			dependencies = (
			);
			name = MediaProject;
			packageProductDependencies = (
				3F568E042A878C76002A7A2E /* Alamofire */,
				3F568E0A2A878C8B002A7A2E /* Kingfisher */,
				3FE81EC02A9A63F80077E18A /* SnapKit */,
			);
			productName = MediaProject;
			productReference = 3F568DE22A87821E002A7A2E /* MediaProject.app */;
			productType = "com.apple.product-type.application";
		};
/* End PBXNativeTarget section */

/* Begin PBXProject section */
		3F568DDA2A87821E002A7A2E /* Project object */ = {
			isa = PBXProject;
			attributes = {
				BuildIndependentTargetsInParallel = 1;
				LastSwiftUpdateCheck = 1430;
				LastUpgradeCheck = 1430;
				TargetAttributes = {
					3F568DE12A87821E002A7A2E = {
						CreatedOnToolsVersion = 14.3;
					};
				};
			};
			buildConfigurationList = 3F568DDD2A87821E002A7A2E /* Build configuration list for PBXProject "MediaProject" */;
			compatibilityVersion = "Xcode 14.0";
			developmentRegion = en;
			hasScannedForEncodings = 0;
			knownRegions = (
				en,
				Base,
			);
			mainGroup = 3F568DD92A87821E002A7A2E;
			packageReferences = (
				3F568E032A878C76002A7A2E /* XCRemoteSwiftPackageReference "Alamofire" */,
				3F568E092A878C8B002A7A2E /* XCRemoteSwiftPackageReference "Kingfisher" */,
				3FE81EBF2A9A63F80077E18A /* XCRemoteSwiftPackageReference "SnapKit" */,
			);
			productRefGroup = 3F568DE32A87821E002A7A2E /* Products */;
			projectDirPath = "";
			projectRoot = "";
			targets = (
				3F568DE12A87821E002A7A2E /* MediaProject */,
			);
		};
/* End PBXProject section */

/* Begin PBXResourcesBuildPhase section */
		3F568DE02A87821E002A7A2E /* Resources */ = {
			isa = PBXResourcesBuildPhase;
			buildActionMask = 2147483647;
			files = (
				3F568E0D2A878FBC002A7A2E /* .gitignore in Resources */,
				3F568DF22A878220002A7A2E /* LaunchScreen.storyboard in Resources */,
				3F568DEF2A878220002A7A2E /* Assets.xcassets in Resources */,
				3F568E022A878470002A7A2E /* MediaListTableViewCell.xib in Resources */,
				3F568E1B2A87CFD4002A7A2E /* MediaDetailTableViewCell.xib in Resources */,
			);
			runOnlyForDeploymentPostprocessing = 0;
		};
/* End PBXResourcesBuildPhase section */

/* Begin PBXSourcesBuildPhase section */
		3F568DDE2A87821E002A7A2E /* Sources */ = {
			isa = PBXSourcesBuildPhase;
			buildActionMask = 2147483647;
			files = (
				3F568E012A878470002A7A2E /* MediaListTableViewCell.swift in Sources */,
				3F568E132A87AA3B002A7A2E /* MediaListViewController.swift in Sources */,
				3F568E152A87B82D002A7A2E /* MediaDetailViewController.swift in Sources */,
				3F568E0F2A878FD6002A7A2E /* APIKey.swift in Sources */,
				3FE81EC32A9A65DA0077E18A /* OnboardingPageViewController.swift in Sources */,
				3F568E1A2A87CFD4002A7A2E /* MediaDetailTableViewCell.swift in Sources */,
				3F568DFE2A878305002A7A2E /* ExtensionView.swift in Sources */,
				3FE81EFA2A9D25750077E18A /* MediaDetailView.swift in Sources */,
				3F568DE62A87821E002A7A2E /* AppDelegate.swift in Sources */,
				3F568E112A87920C002A7A2E /* MediaInfo.swift in Sources */,
				3FE81EBE2A9A63D10077E18A /* IntroViewController.swift in Sources */,
				3F568DE82A87821E002A7A2E /* SceneDelegate.swift in Sources */,
				3F35D4262A8E0360001DF40F /* Tmdb.swift in Sources */,
				3FE81EFE2A9D28630077E18A /* MediaListView.swift in Sources */,
			);
			runOnlyForDeploymentPostprocessing = 0;
		};
/* End PBXSourcesBuildPhase section */

/* Begin PBXVariantGroup section */
		3F568DF02A878220002A7A2E /* LaunchScreen.storyboard */ = {
			isa = PBXVariantGroup;
			children = (
				3F568DF12A878220002A7A2E /* Base */,
			);
			name = LaunchScreen.storyboard;
			sourceTree = "<group>";
		};
/* End PBXVariantGroup section */

/* Begin XCBuildConfiguration section */
		3F568DF42A878220002A7A2E /* Debug */ = {
			isa = XCBuildConfiguration;
			buildSettings = {
				ALWAYS_SEARCH_USER_PATHS = NO;
				CLANG_ANALYZER_NONNULL = YES;
				CLANG_ANALYZER_NUMBER_OBJECT_CONVERSION = YES_AGGRESSIVE;
				CLANG_CXX_LANGUAGE_STANDARD = "gnu++20";
				CLANG_ENABLE_MODULES = YES;
				CLANG_ENABLE_OBJC_ARC = YES;
				CLANG_ENABLE_OBJC_WEAK = YES;
				CLANG_WARN_BLOCK_CAPTURE_AUTORELEASING = YES;
				CLANG_WARN_BOOL_CONVERSION = YES;
				CLANG_WARN_COMMA = YES;
				CLANG_WARN_CONSTANT_CONVERSION = YES;
				CLANG_WARN_DEPRECATED_OBJC_IMPLEMENTATIONS = YES;
				CLANG_WARN_DIRECT_OBJC_ISA_USAGE = YES_ERROR;
				CLANG_WARN_DOCUMENTATION_COMMENTS = YES;
				CLANG_WARN_EMPTY_BODY = YES;
				CLANG_WARN_ENUM_CONVERSION = YES;
				CLANG_WARN_INFINITE_RECURSION = YES;
				CLANG_WARN_INT_CONVERSION = YES;
				CLANG_WARN_NON_LITERAL_NULL_CONVERSION = YES;
				CLANG_WARN_OBJC_IMPLICIT_RETAIN_SELF = YES;
				CLANG_WARN_OBJC_LITERAL_CONVERSION = YES;
				CLANG_WARN_OBJC_ROOT_CLASS = YES_ERROR;
				CLANG_WARN_QUOTED_INCLUDE_IN_FRAMEWORK_HEADER = YES;
				CLANG_WARN_RANGE_LOOP_ANALYSIS = YES;
				CLANG_WARN_STRICT_PROTOTYPES = YES;
				CLANG_WARN_SUSPICIOUS_MOVE = YES;
				CLANG_WARN_UNGUARDED_AVAILABILITY = YES_AGGRESSIVE;
				CLANG_WARN_UNREACHABLE_CODE = YES;
				CLANG_WARN__DUPLICATE_METHOD_MATCH = YES;
				COPY_PHASE_STRIP = NO;
				DEBUG_INFORMATION_FORMAT = dwarf;
				ENABLE_STRICT_OBJC_MSGSEND = YES;
				ENABLE_TESTABILITY = YES;
				GCC_C_LANGUAGE_STANDARD = gnu11;
				GCC_DYNAMIC_NO_PIC = NO;
				GCC_NO_COMMON_BLOCKS = YES;
				GCC_OPTIMIZATION_LEVEL = 0;
				GCC_PREPROCESSOR_DEFINITIONS = (
					"DEBUG=1",
					"$(inherited)",
				);
				GCC_WARN_64_TO_32_BIT_CONVERSION = YES;
				GCC_WARN_ABOUT_RETURN_TYPE = YES_ERROR;
				GCC_WARN_UNDECLARED_SELECTOR = YES;
				GCC_WARN_UNINITIALIZED_AUTOS = YES_AGGRESSIVE;
				GCC_WARN_UNUSED_FUNCTION = YES;
				GCC_WARN_UNUSED_VARIABLE = YES;
				IPHONEOS_DEPLOYMENT_TARGET = 16.4;
				MTL_ENABLE_DEBUG_INFO = INCLUDE_SOURCE;
				MTL_FAST_MATH = YES;
				ONLY_ACTIVE_ARCH = YES;
				SDKROOT = iphoneos;
				SWIFT_ACTIVE_COMPILATION_CONDITIONS = DEBUG;
				SWIFT_OPTIMIZATION_LEVEL = "-Onone";
			};
			name = Debug;
		};
		3F568DF52A878220002A7A2E /* Release */ = {
			isa = XCBuildConfiguration;
			buildSettings = {
				ALWAYS_SEARCH_USER_PATHS = NO;
				CLANG_ANALYZER_NONNULL = YES;
				CLANG_ANALYZER_NUMBER_OBJECT_CONVERSION = YES_AGGRESSIVE;
				CLANG_CXX_LANGUAGE_STANDARD = "gnu++20";
				CLANG_ENABLE_MODULES = YES;
				CLANG_ENABLE_OBJC_ARC = YES;
				CLANG_ENABLE_OBJC_WEAK = YES;
				CLANG_WARN_BLOCK_CAPTURE_AUTORELEASING = YES;
				CLANG_WARN_BOOL_CONVERSION = YES;
				CLANG_WARN_COMMA = YES;
				CLANG_WARN_CONSTANT_CONVERSION = YES;
				CLANG_WARN_DEPRECATED_OBJC_IMPLEMENTATIONS = YES;
				CLANG_WARN_DIRECT_OBJC_ISA_USAGE = YES_ERROR;
				CLANG_WARN_DOCUMENTATION_COMMENTS = YES;
				CLANG_WARN_EMPTY_BODY = YES;
				CLANG_WARN_ENUM_CONVERSION = YES;
				CLANG_WARN_INFINITE_RECURSION = YES;
				CLANG_WARN_INT_CONVERSION = YES;
				CLANG_WARN_NON_LITERAL_NULL_CONVERSION = YES;
				CLANG_WARN_OBJC_IMPLICIT_RETAIN_SELF = YES;
				CLANG_WARN_OBJC_LITERAL_CONVERSION = YES;
				CLANG_WARN_OBJC_ROOT_CLASS = YES_ERROR;
				CLANG_WARN_QUOTED_INCLUDE_IN_FRAMEWORK_HEADER = YES;
				CLANG_WARN_RANGE_LOOP_ANALYSIS = YES;
				CLANG_WARN_STRICT_PROTOTYPES = YES;
				CLANG_WARN_SUSPICIOUS_MOVE = YES;
				CLANG_WARN_UNGUARDED_AVAILABILITY = YES_AGGRESSIVE;
				CLANG_WARN_UNREACHABLE_CODE = YES;
				CLANG_WARN__DUPLICATE_METHOD_MATCH = YES;
				COPY_PHASE_STRIP = NO;
				DEBUG_INFORMATION_FORMAT = "dwarf-with-dsym";
				ENABLE_NS_ASSERTIONS = NO;
				ENABLE_STRICT_OBJC_MSGSEND = YES;
				GCC_C_LANGUAGE_STANDARD = gnu11;
				GCC_NO_COMMON_BLOCKS = YES;
				GCC_WARN_64_TO_32_BIT_CONVERSION = YES;
				GCC_WARN_ABOUT_RETURN_TYPE = YES_ERROR;
				GCC_WARN_UNDECLARED_SELECTOR = YES;
				GCC_WARN_UNINITIALIZED_AUTOS = YES_AGGRESSIVE;
				GCC_WARN_UNUSED_FUNCTION = YES;
				GCC_WARN_UNUSED_VARIABLE = YES;
				IPHONEOS_DEPLOYMENT_TARGET = 16.4;
				MTL_ENABLE_DEBUG_INFO = NO;
				MTL_FAST_MATH = YES;
				SDKROOT = iphoneos;
				SWIFT_COMPILATION_MODE = wholemodule;
				SWIFT_OPTIMIZATION_LEVEL = "-O";
				VALIDATE_PRODUCT = YES;
			};
			name = Release;
		};
		3F568DF72A878220002A7A2E /* Debug */ = {
			isa = XCBuildConfiguration;
			buildSettings = {
				ASSETCATALOG_COMPILER_APPICON_NAME = AppIcon;
				ASSETCATALOG_COMPILER_GLOBAL_ACCENT_COLOR_NAME = AccentColor;
				CODE_SIGN_STYLE = Automatic;
				CURRENT_PROJECT_VERSION = 1;
				DEVELOPMENT_TEAM = NFCS5T44FS;
				GENERATE_INFOPLIST_FILE = YES;
				INFOPLIST_FILE = MediaProject/Info.plist;
				INFOPLIST_KEY_UIApplicationSupportsIndirectInputEvents = YES;
				INFOPLIST_KEY_UILaunchStoryboardName = LaunchScreen;
				INFOPLIST_KEY_UISupportedInterfaceOrientations_iPad = "UIInterfaceOrientationPortrait UIInterfaceOrientationPortraitUpsideDown UIInterfaceOrientationLandscapeLeft UIInterfaceOrientationLandscapeRight";
				INFOPLIST_KEY_UISupportedInterfaceOrientations_iPhone = "UIInterfaceOrientationPortrait UIInterfaceOrientationLandscapeLeft UIInterfaceOrientationLandscapeRight";
				IPHONEOS_DEPLOYMENT_TARGET = 16.0;
				LD_RUNPATH_SEARCH_PATHS = (
					"$(inherited)",
					"@executable_path/Frameworks",
				);
				MARKETING_VERSION = 1.0;
				PRODUCT_BUNDLE_IDENTIFIER = com.hany.MediaProject;
				PRODUCT_NAME = "$(TARGET_NAME)";
				SUPPORTED_PLATFORMS = "iphoneos iphonesimulator";
				SUPPORTS_MACCATALYST = NO;
				SUPPORTS_MAC_DESIGNED_FOR_IPHONE_IPAD = NO;
				SWIFT_EMIT_LOC_STRINGS = YES;
				SWIFT_VERSION = 5.0;
				TARGETED_DEVICE_FAMILY = 1;
			};
			name = Debug;
		};
		3F568DF82A878220002A7A2E /* Release */ = {
			isa = XCBuildConfiguration;
			buildSettings = {
				ASSETCATALOG_COMPILER_APPICON_NAME = AppIcon;
				ASSETCATALOG_COMPILER_GLOBAL_ACCENT_COLOR_NAME = AccentColor;
				CODE_SIGN_STYLE = Automatic;
				CURRENT_PROJECT_VERSION = 1;
				DEVELOPMENT_TEAM = NFCS5T44FS;
				GENERATE_INFOPLIST_FILE = YES;
				INFOPLIST_FILE = MediaProject/Info.plist;
				INFOPLIST_KEY_UIApplicationSupportsIndirectInputEvents = YES;
				INFOPLIST_KEY_UILaunchStoryboardName = LaunchScreen;
				INFOPLIST_KEY_UISupportedInterfaceOrientations_iPad = "UIInterfaceOrientationPortrait UIInterfaceOrientationPortraitUpsideDown UIInterfaceOrientationLandscapeLeft UIInterfaceOrientationLandscapeRight";
				INFOPLIST_KEY_UISupportedInterfaceOrientations_iPhone = "UIInterfaceOrientationPortrait UIInterfaceOrientationLandscapeLeft UIInterfaceOrientationLandscapeRight";
				IPHONEOS_DEPLOYMENT_TARGET = 16.0;
				LD_RUNPATH_SEARCH_PATHS = (
					"$(inherited)",
					"@executable_path/Frameworks",
				);
				MARKETING_VERSION = 1.0;
				PRODUCT_BUNDLE_IDENTIFIER = com.hany.MediaProject;
				PRODUCT_NAME = "$(TARGET_NAME)";
				SUPPORTED_PLATFORMS = "iphoneos iphonesimulator";
				SUPPORTS_MACCATALYST = NO;
				SUPPORTS_MAC_DESIGNED_FOR_IPHONE_IPAD = NO;
				SWIFT_EMIT_LOC_STRINGS = YES;
				SWIFT_VERSION = 5.0;
				TARGETED_DEVICE_FAMILY = 1;
			};
			name = Release;
		};
/* End XCBuildConfiguration section */

/* Begin XCConfigurationList section */
		3F568DDD2A87821E002A7A2E /* Build configuration list for PBXProject "MediaProject" */ = {
			isa = XCConfigurationList;
			buildConfigurations = (
				3F568DF42A878220002A7A2E /* Debug */,
				3F568DF52A878220002A7A2E /* Release */,
			);
			defaultConfigurationIsVisible = 0;
			defaultConfigurationName = Release;
		};
		3F568DF62A878220002A7A2E /* Build configuration list for PBXNativeTarget "MediaProject" */ = {
			isa = XCConfigurationList;
			buildConfigurations = (
				3F568DF72A878220002A7A2E /* Debug */,
				3F568DF82A878220002A7A2E /* Release */,
			);
			defaultConfigurationIsVisible = 0;
			defaultConfigurationName = Release;
		};
/* End XCConfigurationList section */

/* Begin XCRemoteSwiftPackageReference section */
		3F568E032A878C76002A7A2E /* XCRemoteSwiftPackageReference "Alamofire" */ = {
			isa = XCRemoteSwiftPackageReference;
			repositoryURL = "https://github.com/Alamofire/Alamofire";
			requirement = {
				kind = upToNextMajorVersion;
				minimumVersion = 5.0.0;
			};
		};
		3F568E092A878C8B002A7A2E /* XCRemoteSwiftPackageReference "Kingfisher" */ = {
			isa = XCRemoteSwiftPackageReference;
			repositoryURL = "https://github.com/onevcat/Kingfisher";
			requirement = {
				kind = upToNextMajorVersion;
				minimumVersion = 7.0.0;
			};
		};
		3FE81EBF2A9A63F80077E18A /* XCRemoteSwiftPackageReference "SnapKit" */ = {
			isa = XCRemoteSwiftPackageReference;
			repositoryURL = "https://github.com/SnapKit/SnapKit";
			requirement = {
				kind = upToNextMajorVersion;
				minimumVersion = 5.0.0;
			};
		};
/* End XCRemoteSwiftPackageReference section */

/* Begin XCSwiftPackageProductDependency section */
		3F568E042A878C76002A7A2E /* Alamofire */ = {
			isa = XCSwiftPackageProductDependency;
			package = 3F568E032A878C76002A7A2E /* XCRemoteSwiftPackageReference "Alamofire" */;
			productName = Alamofire;
		};
		3F568E0A2A878C8B002A7A2E /* Kingfisher */ = {
			isa = XCSwiftPackageProductDependency;
			package = 3F568E092A878C8B002A7A2E /* XCRemoteSwiftPackageReference "Kingfisher" */;
			productName = Kingfisher;
		};
		3FE81EC02A9A63F80077E18A /* SnapKit */ = {
			isa = XCSwiftPackageProductDependency;
			package = 3FE81EBF2A9A63F80077E18A /* XCRemoteSwiftPackageReference "SnapKit" */;
			productName = SnapKit;
		};
/* End XCSwiftPackageProductDependency section */
	};
	rootObject = 3F568DDA2A87821E002A7A2E /* Project object */;
}
